
Microsoft Visual Studio Solution File, Format Version 12.00
# Visual Studio Version 17
VisualStudioVersion = 17.8.34408.163
MinimumVisualStudioVersion = 10.0.40219.1
Project("{FAE04EC0-301F-11D3-BF4B-00C04F79EFBC}") = "AutoMed_Backend", "AutoMed_Backend.csproj", "{E99DADC6-9C72-413D-9A31-09B0D87DAE7A}"
EndProject
Global
	GlobalSection(SolutionConfigurationPlatforms) = preSolution
		Debug|Any CPU = Debug|Any CPU
		Release|Any CPU = Release|Any CPU
	EndGlobalSection
	GlobalSection(ProjectConfigurationPlatforms) = postSolution
		{E99DADC6-9C72-413D-9A31-09B0D87DAE7A}.Debug|Any CPU.ActiveCfg = Debug|Any CPU
		{E99DADC6-9C72-413D-9A31-09B0D87DAE7A}.Debug|Any CPU.Build.0 = Debug|Any CPU
		{E99DADC6-9C72-413D-9A31-09B0D87DAE7A}.Release|Any CPU.ActiveCfg = Release|Any CPU
		{E99DADC6-9C72-413D-9A31-09B0D87DAE7A}.Release|Any CPU.Build.0 = Release|Any CPU
	EndGlobalSection
	GlobalSection(SolutionProperties) = preSolution
		HideSolutionNode = FALSE
	EndGlobalSection
	GlobalSection(ExtensibilityGlobals) = postSolution
		SolutionGuid = {385FF660-3108-472B-8966-C7567EC05B01}
	EndGlobalSection
EndGlobal
